
Microsoft Visual Studio Solution File, Format Version 12.00
# Visual Studio Version 17
VisualStudioVersion = 17.14.36518.9
MinimumVisualStudioVersion = 10.0.40219.1
Project("{FAE04EC0-301F-11D3-BF4B-00C04F79EFBC}") = "Inheritance", "Inheritance\Inheritance.csproj", "{BF8D419A-64B5-4D22-95ED-DA92685F4863}"
EndProject
Project("{FAE04EC0-301F-11D3-BF4B-00C04F79EFBC}") = "Academy", "Academy\Academy.csproj", "{F7B7F3AC-CFB4-4BBD-88C8-310524636B12}"
EndProject
Project("{FAE04EC0-301F-11D3-BF4B-00C04F79EFBC}") = "Exceptions", "Exceptions\Exceptions.csproj", "{D5EA604B-89A4-4C78-80EB-FEAAA977F900}"
EndProject
Project("{FAE04EC0-301F-11D3-BF4B-00C04F79EFBC}") = "AbstractBaseClass", "AbstractBaseClass\AbstractBaseClass.csproj", "{7ED2138A-C8DE-4C17-BCD2-9B5F7D79FE7D}"
EndProject
Project("{FAE04EC0-301F-11D3-BF4B-00C04F79EFBC}") = "Geometry", "Geometry\Geometry.csproj", "{274418A0-0E15-43FB-ADE9-C704B8CAA72C}"
EndProject
Global
	GlobalSection(SolutionConfigurationPlatforms) = preSolution
		Debug|Any CPU = Debug|Any CPU
		Release|Any CPU = Release|Any CPU
	EndGlobalSection
	GlobalSection(ProjectConfigurationPlatforms) = postSolution
		{BF8D419A-64B5-4D22-95ED-DA92685F4863}.Debug|Any CPU.ActiveCfg = Debug|Any CPU
		{BF8D419A-64B5-4D22-95ED-DA92685F4863}.Debug|Any CPU.Build.0 = Debug|Any CPU
		{BF8D419A-64B5-4D22-95ED-DA92685F4863}.Release|Any CPU.ActiveCfg = Release|Any CPU
		{BF8D419A-64B5-4D22-95ED-DA92685F4863}.Release|Any CPU.Build.0 = Release|Any CPU
		{F7B7F3AC-CFB4-4BBD-88C8-310524636B12}.Debug|Any CPU.ActiveCfg = Debug|Any CPU
		{F7B7F3AC-CFB4-4BBD-88C8-310524636B12}.Debug|Any CPU.Build.0 = Debug|Any CPU
		{F7B7F3AC-CFB4-4BBD-88C8-310524636B12}.Release|Any CPU.ActiveCfg = Release|Any CPU
		{F7B7F3AC-CFB4-4BBD-88C8-310524636B12}.Release|Any CPU.Build.0 = Release|Any CPU
		{D5EA604B-89A4-4C78-80EB-FEAAA977F900}.Debug|Any CPU.ActiveCfg = Debug|Any CPU
		{D5EA604B-89A4-4C78-80EB-FEAAA977F900}.Debug|Any CPU.Build.0 = Debug|Any CPU
		{D5EA604B-89A4-4C78-80EB-FEAAA977F900}.Release|Any CPU.ActiveCfg = Release|Any CPU
		{D5EA604B-89A4-4C78-80EB-FEAAA977F900}.Release|Any CPU.Build.0 = Release|Any CPU
		{7ED2138A-C8DE-4C17-BCD2-9B5F7D79FE7D}.Debug|Any CPU.ActiveCfg = Debug|Any CPU
		{7ED2138A-C8DE-4C17-BCD2-9B5F7D79FE7D}.Debug|Any CPU.Build.0 = Debug|Any CPU
		{7ED2138A-C8DE-4C17-BCD2-9B5F7D79FE7D}.Release|Any CPU.ActiveCfg = Release|Any CPU
		{7ED2138A-C8DE-4C17-BCD2-9B5F7D79FE7D}.Release|Any CPU.Build.0 = Release|Any CPU
		{274418A0-0E15-43FB-ADE9-C704B8CAA72C}.Debug|Any CPU.ActiveCfg = Debug|Any CPU
		{274418A0-0E15-43FB-ADE9-C704B8CAA72C}.Debug|Any CPU.Build.0 = Debug|Any CPU
		{274418A0-0E15-43FB-ADE9-C704B8CAA72C}.Release|Any CPU.ActiveCfg = Release|Any CPU
		{274418A0-0E15-43FB-ADE9-C704B8CAA72C}.Release|Any CPU.Build.0 = Release|Any CPU
	EndGlobalSection
	GlobalSection(SolutionProperties) = preSolution
		HideSolutionNode = FALSE
	EndGlobalSection
	GlobalSection(ExtensibilityGlobals) = postSolution
		SolutionGuid = {0C63F5AF-F5F7-44D9-A5FC-FB71B499E7E1}
	EndGlobalSection
EndGlobal
